
Microsoft Visual Studio Solution File, Format Version 12.00
# Visual Studio Version 17
VisualStudioVersion = 17.11.35222.181
MinimumVisualStudioVersion = 10.0.40219.1
Project("{FAE04EC0-301F-11D3-BF4B-00C04F79EFBC}") = "Seguros-ABC", "Seguros-ABC\Seguros-ABC.csproj", "{E3844DC7-9AA4-4BB7-9F89-94D50E4F020C}"
EndProject
Global
	GlobalSection(SolutionConfigurationPlatforms) = preSolution
		Debug|Any CPU = Debug|Any CPU
		Release|Any CPU = Release|Any CPU
	EndGlobalSection
	GlobalSection(ProjectConfigurationPlatforms) = postSolution
		{E3844DC7-9AA4-4BB7-9F89-94D50E4F020C}.Debug|Any CPU.ActiveCfg = Debug|Any CPU
		{E3844DC7-9AA4-4BB7-9F89-94D50E4F020C}.Debug|Any CPU.Build.0 = Debug|Any CPU
		{E3844DC7-9AA4-4BB7-9F89-94D50E4F020C}.Release|Any CPU.ActiveCfg = Release|Any CPU
		{E3844DC7-9AA4-4BB7-9F89-94D50E4F020C}.Release|Any CPU.Build.0 = Release|Any CPU
	EndGlobalSection
	GlobalSection(SolutionProperties) = preSolution
		HideSolutionNode = FALSE
	EndGlobalSection
	GlobalSection(ExtensibilityGlobals) = postSolution
		SolutionGuid = {E6F1DAD2-4B71-40EF-9AE0-DD2D693661E1}
	EndGlobalSection
EndGlobal
